
Microsoft Visual Studio Solution File, Format Version 12.00
# Visual Studio Version 17
VisualStudioVersion = 17.5.33516.290
MinimumVisualStudioVersion = 10.0.40219.1
Project("{9A19103F-16F7-4668-BE54-9A1E7A4F7556}") = "UltraCoolBooks", "UltraCoolBooks\UltraCoolBooks.csproj", "{C9C32462-3C91-415C-91FA-2EB12F6477E8}"
EndProject
Global
	GlobalSection(SolutionConfigurationPlatforms) = preSolution
		Debug|Any CPU = Debug|Any CPU
		Release|Any CPU = Release|Any CPU
	EndGlobalSection
	GlobalSection(ProjectConfigurationPlatforms) = postSolution
		{C9C32462-3C91-415C-91FA-2EB12F6477E8}.Debug|Any CPU.ActiveCfg = Debug|Any CPU
		{C9C32462-3C91-415C-91FA-2EB12F6477E8}.Debug|Any CPU.Build.0 = Debug|Any CPU
		{C9C32462-3C91-415C-91FA-2EB12F6477E8}.Release|Any CPU.ActiveCfg = Release|Any CPU
		{C9C32462-3C91-415C-91FA-2EB12F6477E8}.Release|Any CPU.Build.0 = Release|Any CPU
	EndGlobalSection
	GlobalSection(SolutionProperties) = preSolution
		HideSolutionNode = FALSE
	EndGlobalSection
	GlobalSection(ExtensibilityGlobals) = postSolution
		SolutionGuid = {2C2C22C2-0D74-41DD-86CD-21AA4D039ABA}
	EndGlobalSection
EndGlobal
